// !$*UTF8*$!
{
	archiveVersion = 1;
	classes = {
	};
	objectVersion = 56;
	objects = {

/* Begin PBXBuildFile section */
		9A0D79862B20BC3500E83F11 /* AnchorWatch2App.swift in Sources */ = {isa = PBXBuildFile; fileRef = 9A0D79852B20BC3500E83F11 /* AnchorWatch2App.swift */; };
		9A0D798C2B20BC3800E83F11 /* Assets.xcassets in Resources */ = {isa = PBXBuildFile; fileRef = 9A0D798B2B20BC3800E83F11 /* Assets.xcassets */; };
		9A0D798F2B20BC3800E83F11 /* Preview Assets.xcassets in Resources */ = {isa = PBXBuildFile; fileRef = 9A0D798E2B20BC3800E83F11 /* Preview Assets.xcassets */; };
		9A0D799B2B20BC3900E83F11 /* AnchorWatch2Tests.swift in Sources */ = {isa = PBXBuildFile; fileRef = 9A0D799A2B20BC3900E83F11 /* AnchorWatch2Tests.swift */; };
		9A0D79A52B20BC3900E83F11 /* AnchorWatch2UITests.swift in Sources */ = {isa = PBXBuildFile; fileRef = 9A0D79A42B20BC3900E83F11 /* AnchorWatch2UITests.swift */; };
		9A0D79A72B20BC3900E83F11 /* AnchorWatch2UITestsLaunchTests.swift in Sources */ = {isa = PBXBuildFile; fileRef = 9A0D79A62B20BC3900E83F11 /* AnchorWatch2UITestsLaunchTests.swift */; };
		9A0D79B82B20BD0700E83F11 /* Anchor.swift in Sources */ = {isa = PBXBuildFile; fileRef = 9A0D79B42B20BD0700E83F11 /* Anchor.swift */; };
		9A0D79B92B20BD0700E83F11 /* AnchorLog.swift in Sources */ = {isa = PBXBuildFile; fileRef = 9A0D79B52B20BD0700E83F11 /* AnchorLog.swift */; };
		9A0D79BA2B20BD0700E83F11 /* ViewModel.swift in Sources */ = {isa = PBXBuildFile; fileRef = 9A0D79B62B20BD0700E83F11 /* ViewModel.swift */; };
		9A0D79BB2B20BD0700E83F11 /* Vessel.swift in Sources */ = {isa = PBXBuildFile; fileRef = 9A0D79B72B20BD0700E83F11 /* Vessel.swift */; };
		9A0D79BF2B20BD8E00E83F11 /* LocationDelegate.swift in Sources */ = {isa = PBXBuildFile; fileRef = 9A0D79BE2B20BD8E00E83F11 /* LocationDelegate.swift */; };
		9A0D79C12B20C07300E83F11 /* AppDelegate.swift in Sources */ = {isa = PBXBuildFile; fileRef = 9A0D79C02B20C07300E83F11 /* AppDelegate.swift */; };
		9A0D79C62B20CAF300E83F11 /* MapView.swift in Sources */ = {isa = PBXBuildFile; fileRef = 9A0D79C52B20CAF300E83F11 /* MapView.swift */; };
		9A0D79C82B20D7D200E83F11 /* VesselMarker.swift in Sources */ = {isa = PBXBuildFile; fileRef = 9A0D79C72B20D7D100E83F11 /* VesselMarker.swift */; };
		9A39E2D22B2A25140002C9AF /* LocationObserver.swift in Sources */ = {isa = PBXBuildFile; fileRef = 9A39E2D12B2A25140002C9AF /* LocationObserver.swift */; };
		9A39E2D42B2A4FFC0002C9AF /* SetupView.swift in Sources */ = {isa = PBXBuildFile; fileRef = 9A39E2D32B2A4FFC0002C9AF /* SetupView.swift */; };
		9A740C992B2902C400A5C03D /* LocationNotifications.swift in Sources */ = {isa = PBXBuildFile; fileRef = 9A740C982B2902C400A5C03D /* LocationNotifications.swift */; };
		9ACA94512B2121E600BA73D3 /* AnchoringView.swift in Sources */ = {isa = PBXBuildFile; fileRef = 9ACA94502B2121E600BA73D3 /* AnchoringView.swift */; };
		9ACA94552B23C85E00BA73D3 /* AnchorMarker.swift in Sources */ = {isa = PBXBuildFile; fileRef = 9ACA94542B23C85E00BA73D3 /* AnchorMarker.swift */; };
		9ACA94582B24A38C00BA73D3 /* AQUI in Frameworks */ = {isa = PBXBuildFile; productRef = 9ACA94572B24A38C00BA73D3 /* AQUI */; };
		9ACA945A2B24B8DE00BA73D3 /* ContentView.swift in Sources */ = {isa = PBXBuildFile; fileRef = 9ACA94592B24B8DE00BA73D3 /* ContentView.swift */; };
		9ACA945C2B24BC8800BA73D3 /* SetupVesselView.swift in Sources */ = {isa = PBXBuildFile; fileRef = 9ACA945B2B24BC8800BA73D3 /* SetupVesselView.swift */; };
		9ACA945E2B25EE6300BA73D3 /* Format.swift in Sources */ = {isa = PBXBuildFile; fileRef = 9ACA945D2B25EE6300BA73D3 /* Format.swift */; };
		9ACA94602B27B08800BA73D3 /* DistanceEditor.swift in Sources */ = {isa = PBXBuildFile; fileRef = 9ACA945F2B27B08800BA73D3 /* DistanceEditor.swift */; };
		9ADA00F02B2AAA2D00A9FDB8 /* Alarm.swift in Sources */ = {isa = PBXBuildFile; fileRef = 9ADA00EF2B2AAA2D00A9FDB8 /* Alarm.swift */; };
		9ADA00F32B2B2B1200A9FDB8 /* alarm.mp3 in Resources */ = {isa = PBXBuildFile; fileRef = 9ADA00F22B2B2B1200A9FDB8 /* alarm.mp3 */; };
/* End PBXBuildFile section */

/* Begin PBXContainerItemProxy section */
		9A0D79972B20BC3900E83F11 /* PBXContainerItemProxy */ = {
			isa = PBXContainerItemProxy;
			containerPortal = 9A0D797A2B20BC3500E83F11 /* Project object */;
			proxyType = 1;
			remoteGlobalIDString = 9A0D79812B20BC3500E83F11;
			remoteInfo = AnchorWatch2;
		};
		9A0D79A12B20BC3900E83F11 /* PBXContainerItemProxy */ = {
			isa = PBXContainerItemProxy;
			containerPortal = 9A0D797A2B20BC3500E83F11 /* Project object */;
			proxyType = 1;
			remoteGlobalIDString = 9A0D79812B20BC3500E83F11;
			remoteInfo = AnchorWatch2;
		};
/* End PBXContainerItemProxy section */

/* Begin PBXFileReference section */
		9A0D79822B20BC3500E83F11 /* AnchorWatch2.app */ = {isa = PBXFileReference; explicitFileType = wrapper.application; includeInIndex = 0; path = AnchorWatch2.app; sourceTree = BUILT_PRODUCTS_DIR; };
		9A0D79852B20BC3500E83F11 /* AnchorWatch2App.swift */ = {isa = PBXFileReference; lastKnownFileType = sourcecode.swift; path = AnchorWatch2App.swift; sourceTree = "<group>"; };
		9A0D798B2B20BC3800E83F11 /* Assets.xcassets */ = {isa = PBXFileReference; lastKnownFileType = folder.assetcatalog; path = Assets.xcassets; sourceTree = "<group>"; };
		9A0D798E2B20BC3800E83F11 /* Preview Assets.xcassets */ = {isa = PBXFileReference; lastKnownFileType = folder.assetcatalog; path = "Preview Assets.xcassets"; sourceTree = "<group>"; };
		9A0D79902B20BC3800E83F11 /* AnchorWatch2.entitlements */ = {isa = PBXFileReference; lastKnownFileType = text.plist.entitlements; path = AnchorWatch2.entitlements; sourceTree = "<group>"; };
		9A0D79912B20BC3800E83F11 /* Info.plist */ = {isa = PBXFileReference; lastKnownFileType = text.plist.xml; path = Info.plist; sourceTree = "<group>"; };
		9A0D79962B20BC3900E83F11 /* AnchorWatch2Tests.xctest */ = {isa = PBXFileReference; explicitFileType = wrapper.cfbundle; includeInIndex = 0; path = AnchorWatch2Tests.xctest; sourceTree = BUILT_PRODUCTS_DIR; };
		9A0D799A2B20BC3900E83F11 /* AnchorWatch2Tests.swift */ = {isa = PBXFileReference; lastKnownFileType = sourcecode.swift; path = AnchorWatch2Tests.swift; sourceTree = "<group>"; };
		9A0D79A02B20BC3900E83F11 /* AnchorWatch2UITests.xctest */ = {isa = PBXFileReference; explicitFileType = wrapper.cfbundle; includeInIndex = 0; path = AnchorWatch2UITests.xctest; sourceTree = BUILT_PRODUCTS_DIR; };
		9A0D79A42B20BC3900E83F11 /* AnchorWatch2UITests.swift */ = {isa = PBXFileReference; lastKnownFileType = sourcecode.swift; path = AnchorWatch2UITests.swift; sourceTree = "<group>"; };
		9A0D79A62B20BC3900E83F11 /* AnchorWatch2UITestsLaunchTests.swift */ = {isa = PBXFileReference; lastKnownFileType = sourcecode.swift; path = AnchorWatch2UITestsLaunchTests.swift; sourceTree = "<group>"; };
		9A0D79B42B20BD0700E83F11 /* Anchor.swift */ = {isa = PBXFileReference; fileEncoding = 4; lastKnownFileType = sourcecode.swift; path = Anchor.swift; sourceTree = "<group>"; };
		9A0D79B52B20BD0700E83F11 /* AnchorLog.swift */ = {isa = PBXFileReference; fileEncoding = 4; lastKnownFileType = sourcecode.swift; path = AnchorLog.swift; sourceTree = "<group>"; };
		9A0D79B62B20BD0700E83F11 /* ViewModel.swift */ = {isa = PBXFileReference; fileEncoding = 4; lastKnownFileType = sourcecode.swift; path = ViewModel.swift; sourceTree = "<group>"; };
		9A0D79B72B20BD0700E83F11 /* Vessel.swift */ = {isa = PBXFileReference; fileEncoding = 4; lastKnownFileType = sourcecode.swift; path = Vessel.swift; sourceTree = "<group>"; };
		9A0D79BE2B20BD8E00E83F11 /* LocationDelegate.swift */ = {isa = PBXFileReference; lastKnownFileType = sourcecode.swift; path = LocationDelegate.swift; sourceTree = "<group>"; };
		9A0D79C02B20C07300E83F11 /* AppDelegate.swift */ = {isa = PBXFileReference; lastKnownFileType = sourcecode.swift; path = AppDelegate.swift; sourceTree = "<group>"; };
		9A0D79C52B20CAF300E83F11 /* MapView.swift */ = {isa = PBXFileReference; lastKnownFileType = sourcecode.swift; path = MapView.swift; sourceTree = "<group>"; };
		9A0D79C72B20D7D100E83F11 /* VesselMarker.swift */ = {isa = PBXFileReference; lastKnownFileType = sourcecode.swift; path = VesselMarker.swift; sourceTree = "<group>"; };
		9A39E2D12B2A25140002C9AF /* LocationObserver.swift */ = {isa = PBXFileReference; lastKnownFileType = sourcecode.swift; path = LocationObserver.swift; sourceTree = "<group>"; };
		9A39E2D32B2A4FFC0002C9AF /* SetupView.swift */ = {isa = PBXFileReference; lastKnownFileType = sourcecode.swift; path = SetupView.swift; sourceTree = "<group>"; };
		9A740C982B2902C400A5C03D /* LocationNotifications.swift */ = {isa = PBXFileReference; lastKnownFileType = sourcecode.swift; path = LocationNotifications.swift; sourceTree = "<group>"; };
		9ACA94502B2121E600BA73D3 /* AnchoringView.swift */ = {isa = PBXFileReference; lastKnownFileType = sourcecode.swift; path = AnchoringView.swift; sourceTree = "<group>"; };
		9ACA94542B23C85E00BA73D3 /* AnchorMarker.swift */ = {isa = PBXFileReference; lastKnownFileType = sourcecode.swift; path = AnchorMarker.swift; sourceTree = "<group>"; };
		9ACA94592B24B8DE00BA73D3 /* ContentView.swift */ = {isa = PBXFileReference; lastKnownFileType = sourcecode.swift; path = ContentView.swift; sourceTree = "<group>"; };
		9ACA945B2B24BC8800BA73D3 /* SetupVesselView.swift */ = {isa = PBXFileReference; lastKnownFileType = sourcecode.swift; path = SetupVesselView.swift; sourceTree = "<group>"; };
		9ACA945D2B25EE6300BA73D3 /* Format.swift */ = {isa = PBXFileReference; lastKnownFileType = sourcecode.swift; path = Format.swift; sourceTree = "<group>"; };
		9ACA945F2B27B08800BA73D3 /* DistanceEditor.swift */ = {isa = PBXFileReference; lastKnownFileType = sourcecode.swift; path = DistanceEditor.swift; sourceTree = "<group>"; };
		9ADA00EF2B2AAA2D00A9FDB8 /* Alarm.swift */ = {isa = PBXFileReference; lastKnownFileType = sourcecode.swift; path = Alarm.swift; sourceTree = "<group>"; };
		9ADA00F22B2B2B1200A9FDB8 /* alarm.mp3 */ = {isa = PBXFileReference; lastKnownFileType = audio.mp3; path = alarm.mp3; sourceTree = "<group>"; };
/* End PBXFileReference section */

/* Begin PBXFrameworksBuildPhase section */
		9A0D797F2B20BC3500E83F11 /* Frameworks */ = {
			isa = PBXFrameworksBuildPhase;
			buildActionMask = 2147483647;
			files = (
				9ACA94582B24A38C00BA73D3 /* AQUI in Frameworks */,
			);
			runOnlyForDeploymentPostprocessing = 0;
		};
		9A0D79932B20BC3900E83F11 /* Frameworks */ = {
			isa = PBXFrameworksBuildPhase;
			buildActionMask = 2147483647;
			files = (
			);
			runOnlyForDeploymentPostprocessing = 0;
		};
		9A0D799D2B20BC3900E83F11 /* Frameworks */ = {
			isa = PBXFrameworksBuildPhase;
			buildActionMask = 2147483647;
			files = (
			);
			runOnlyForDeploymentPostprocessing = 0;
		};
/* End PBXFrameworksBuildPhase section */

/* Begin PBXGroup section */
		9A0D79792B20BC3500E83F11 = {
			isa = PBXGroup;
			children = (
				9A0D79842B20BC3500E83F11 /* AnchorWatch2 */,
				9A0D79992B20BC3900E83F11 /* AnchorWatch2Tests */,
				9A0D79A32B20BC3900E83F11 /* AnchorWatch2UITests */,
				9A0D79832B20BC3500E83F11 /* Products */,
			);
			sourceTree = "<group>";
		};
		9A0D79832B20BC3500E83F11 /* Products */ = {
			isa = PBXGroup;
			children = (
				9A0D79822B20BC3500E83F11 /* AnchorWatch2.app */,
				9A0D79962B20BC3900E83F11 /* AnchorWatch2Tests.xctest */,
				9A0D79A02B20BC3900E83F11 /* AnchorWatch2UITests.xctest */,
			);
			name = Products;
			sourceTree = "<group>";
		};
		9A0D79842B20BC3500E83F11 /* AnchorWatch2 */ = {
			isa = PBXGroup;
			children = (
				9ADA00F12B2B2AE300A9FDB8 /* Sounds */,
				9A0D79852B20BC3500E83F11 /* AnchorWatch2App.swift */,
				9A0D79C02B20C07300E83F11 /* AppDelegate.swift */,
				9ADA00EF2B2AAA2D00A9FDB8 /* Alarm.swift */,
				9A0D79C42B20CADB00E83F11 /* View */,
				9A0D79BC2B20BD1E00E83F11 /* Model */,
				9A0D79BD2B20BD7D00E83F11 /* Location */,
				9A0D798B2B20BC3800E83F11 /* Assets.xcassets */,
				9A0D79902B20BC3800E83F11 /* AnchorWatch2.entitlements */,
				9A0D79912B20BC3800E83F11 /* Info.plist */,
				9A0D798D2B20BC3800E83F11 /* Preview Content */,
			);
			path = AnchorWatch2;
			sourceTree = "<group>";
		};
		9A0D798D2B20BC3800E83F11 /* Preview Content */ = {
			isa = PBXGroup;
			children = (
				9A0D798E2B20BC3800E83F11 /* Preview Assets.xcassets */,
			);
			path = "Preview Content";
			sourceTree = "<group>";
		};
		9A0D79992B20BC3900E83F11 /* AnchorWatch2Tests */ = {
			isa = PBXGroup;
			children = (
				9A0D799A2B20BC3900E83F11 /* AnchorWatch2Tests.swift */,
			);
			path = AnchorWatch2Tests;
			sourceTree = "<group>";
		};
		9A0D79A32B20BC3900E83F11 /* AnchorWatch2UITests */ = {
			isa = PBXGroup;
			children = (
				9A0D79A42B20BC3900E83F11 /* AnchorWatch2UITests.swift */,
				9A0D79A62B20BC3900E83F11 /* AnchorWatch2UITestsLaunchTests.swift */,
			);
			path = AnchorWatch2UITests;
			sourceTree = "<group>";
		};
		9A0D79BC2B20BD1E00E83F11 /* Model */ = {
			isa = PBXGroup;
			children = (
				9A0D79B42B20BD0700E83F11 /* Anchor.swift */,
				9A0D79B52B20BD0700E83F11 /* AnchorLog.swift */,
				9A0D79B72B20BD0700E83F11 /* Vessel.swift */,
				9A0D79B62B20BD0700E83F11 /* ViewModel.swift */,
			);
			name = Model;
			path = ../Model;
			sourceTree = "<group>";
		};
		9A0D79BD2B20BD7D00E83F11 /* Location */ = {
			isa = PBXGroup;
			children = (
				9A0D79BE2B20BD8E00E83F11 /* LocationDelegate.swift */,
				9A740C982B2902C400A5C03D /* LocationNotifications.swift */,
				9A39E2D12B2A25140002C9AF /* LocationObserver.swift */,
			);
			path = Location;
			sourceTree = "<group>";
		};
		9A0D79C42B20CADB00E83F11 /* View */ = {
			isa = PBXGroup;
			children = (
				9ACA94592B24B8DE00BA73D3 /* ContentView.swift */,
				9A0D79C52B20CAF300E83F11 /* MapView.swift */,
				9A0D79C72B20D7D100E83F11 /* VesselMarker.swift */,
				9ACA94542B23C85E00BA73D3 /* AnchorMarker.swift */,
				9ACA94502B2121E600BA73D3 /* AnchoringView.swift */,
				9A39E2D32B2A4FFC0002C9AF /* SetupView.swift */,
				9ACA945B2B24BC8800BA73D3 /* SetupVesselView.swift */,
				9ACA945F2B27B08800BA73D3 /* DistanceEditor.swift */,
				9ACA945D2B25EE6300BA73D3 /* Format.swift */,
			);
			path = View;
			sourceTree = "<group>";
		};
		9ADA00F12B2B2AE300A9FDB8 /* Sounds */ = {
			isa = PBXGroup;
			children = (
				9ADA00F22B2B2B1200A9FDB8 /* alarm.mp3 */,
			);
			path = Sounds;
			sourceTree = "<group>";
		};
/* End PBXGroup section */

/* Begin PBXNativeTarget section */
		9A0D79812B20BC3500E83F11 /* AnchorWatch2 */ = {
			isa = PBXNativeTarget;
			buildConfigurationList = 9A0D79AA2B20BC3900E83F11 /* Build configuration list for PBXNativeTarget "AnchorWatch2" */;
			buildPhases = (
				9A0D797E2B20BC3500E83F11 /* Sources */,
				9A0D797F2B20BC3500E83F11 /* Frameworks */,
				9A0D79802B20BC3500E83F11 /* Resources */,
			);
			buildRules = (
			);
			dependencies = (
			);
			name = AnchorWatch2;
			packageProductDependencies = (
				9ACA94572B24A38C00BA73D3 /* AQUI */,
			);
			productName = AnchorWatch2;
			productReference = 9A0D79822B20BC3500E83F11 /* AnchorWatch2.app */;
			productType = "com.apple.product-type.application";
		};
		9A0D79952B20BC3900E83F11 /* AnchorWatch2Tests */ = {
			isa = PBXNativeTarget;
			buildConfigurationList = 9A0D79AD2B20BC3900E83F11 /* Build configuration list for PBXNativeTarget "AnchorWatch2Tests" */;
			buildPhases = (
				9A0D79922B20BC3900E83F11 /* Sources */,
				9A0D79932B20BC3900E83F11 /* Frameworks */,
				9A0D79942B20BC3900E83F11 /* Resources */,
			);
			buildRules = (
			);
			dependencies = (
				9A0D79982B20BC3900E83F11 /* PBXTargetDependency */,
			);
			name = AnchorWatch2Tests;
			productName = AnchorWatch2Tests;
			productReference = 9A0D79962B20BC3900E83F11 /* AnchorWatch2Tests.xctest */;
			productType = "com.apple.product-type.bundle.unit-test";
		};
		9A0D799F2B20BC3900E83F11 /* AnchorWatch2UITests */ = {
			isa = PBXNativeTarget;
			buildConfigurationList = 9A0D79B02B20BC3900E83F11 /* Build configuration list for PBXNativeTarget "AnchorWatch2UITests" */;
			buildPhases = (
				9A0D799C2B20BC3900E83F11 /* Sources */,
				9A0D799D2B20BC3900E83F11 /* Frameworks */,
				9A0D799E2B20BC3900E83F11 /* Resources */,
			);
			buildRules = (
			);
			dependencies = (
				9A0D79A22B20BC3900E83F11 /* PBXTargetDependency */,
			);
			name = AnchorWatch2UITests;
			productName = AnchorWatch2UITests;
			productReference = 9A0D79A02B20BC3900E83F11 /* AnchorWatch2UITests.xctest */;
			productType = "com.apple.product-type.bundle.ui-testing";
		};
/* End PBXNativeTarget section */

/* Begin PBXProject section */
		9A0D797A2B20BC3500E83F11 /* Project object */ = {
			isa = PBXProject;
			attributes = {
				BuildIndependentTargetsInParallel = 1;
				LastSwiftUpdateCheck = 1500;
				LastUpgradeCheck = 1500;
				TargetAttributes = {
					9A0D79812B20BC3500E83F11 = {
						CreatedOnToolsVersion = 15.0.1;
					};
					9A0D79952B20BC3900E83F11 = {
						CreatedOnToolsVersion = 15.0.1;
						TestTargetID = 9A0D79812B20BC3500E83F11;
					};
					9A0D799F2B20BC3900E83F11 = {
						CreatedOnToolsVersion = 15.0.1;
						TestTargetID = 9A0D79812B20BC3500E83F11;
					};
				};
			};
			buildConfigurationList = 9A0D797D2B20BC3500E83F11 /* Build configuration list for PBXProject "AnchorWatch2" */;
			compatibilityVersion = "Xcode 14.0";
			developmentRegion = en;
			hasScannedForEncodings = 0;
			knownRegions = (
				en,
				Base,
			);
			mainGroup = 9A0D79792B20BC3500E83F11;
			packageReferences = (
				9ACA94562B24A38C00BA73D3 /* XCRemoteSwiftPackageReference "AQUI" */,
			);
			productRefGroup = 9A0D79832B20BC3500E83F11 /* Products */;
			projectDirPath = "";
			projectRoot = "";
			targets = (
				9A0D79812B20BC3500E83F11 /* AnchorWatch2 */,
				9A0D79952B20BC3900E83F11 /* AnchorWatch2Tests */,
				9A0D799F2B20BC3900E83F11 /* AnchorWatch2UITests */,
			);
		};
/* End PBXProject section */

/* Begin PBXResourcesBuildPhase section */
		9A0D79802B20BC3500E83F11 /* Resources */ = {
			isa = PBXResourcesBuildPhase;
			buildActionMask = 2147483647;
			files = (
				9A0D798F2B20BC3800E83F11 /* Preview Assets.xcassets in Resources */,
				9A0D798C2B20BC3800E83F11 /* Assets.xcassets in Resources */,
				9ADA00F32B2B2B1200A9FDB8 /* alarm.mp3 in Resources */,
			);
			runOnlyForDeploymentPostprocessing = 0;
		};
		9A0D79942B20BC3900E83F11 /* Resources */ = {
			isa = PBXResourcesBuildPhase;
			buildActionMask = 2147483647;
			files = (
			);
			runOnlyForDeploymentPostprocessing = 0;
		};
		9A0D799E2B20BC3900E83F11 /* Resources */ = {
			isa = PBXResourcesBuildPhase;
			buildActionMask = 2147483647;
			files = (
			);
			runOnlyForDeploymentPostprocessing = 0;
		};
/* End PBXResourcesBuildPhase section */

/* Begin PBXSourcesBuildPhase section */
		9A0D797E2B20BC3500E83F11 /* Sources */ = {
			isa = PBXSourcesBuildPhase;
			buildActionMask = 2147483647;
			files = (
				9ACA945C2B24BC8800BA73D3 /* SetupVesselView.swift in Sources */,
				9A0D79B82B20BD0700E83F11 /* Anchor.swift in Sources */,
				9ADA00F02B2AAA2D00A9FDB8 /* Alarm.swift in Sources */,
				9ACA945E2B25EE6300BA73D3 /* Format.swift in Sources */,
				9A0D79BF2B20BD8E00E83F11 /* LocationDelegate.swift in Sources */,
				9A39E2D42B2A4FFC0002C9AF /* SetupView.swift in Sources */,
				9ACA94512B2121E600BA73D3 /* AnchoringView.swift in Sources */,
				9A0D79862B20BC3500E83F11 /* AnchorWatch2App.swift in Sources */,
				9A0D79C82B20D7D200E83F11 /* VesselMarker.swift in Sources */,
				9ACA94552B23C85E00BA73D3 /* AnchorMarker.swift in Sources */,
				9A740C992B2902C400A5C03D /* LocationNotifications.swift in Sources */,
				9A0D79BA2B20BD0700E83F11 /* ViewModel.swift in Sources */,
				9A0D79C12B20C07300E83F11 /* AppDelegate.swift in Sources */,
				9A39E2D22B2A25140002C9AF /* LocationObserver.swift in Sources */,
				9A0D79B92B20BD0700E83F11 /* AnchorLog.swift in Sources */,
				9ACA945A2B24B8DE00BA73D3 /* ContentView.swift in Sources */,
				9A0D79C62B20CAF300E83F11 /* MapView.swift in Sources */,
				9A0D79BB2B20BD0700E83F11 /* Vessel.swift in Sources */,
				9ACA94602B27B08800BA73D3 /* DistanceEditor.swift in Sources */,
			);
			runOnlyForDeploymentPostprocessing = 0;
		};
		9A0D79922B20BC3900E83F11 /* Sources */ = {
			isa = PBXSourcesBuildPhase;
			buildActionMask = 2147483647;
			files = (
				9A0D799B2B20BC3900E83F11 /* AnchorWatch2Tests.swift in Sources */,
			);
			runOnlyForDeploymentPostprocessing = 0;
		};
		9A0D799C2B20BC3900E83F11 /* Sources */ = {
			isa = PBXSourcesBuildPhase;
			buildActionMask = 2147483647;
			files = (
				9A0D79A72B20BC3900E83F11 /* AnchorWatch2UITestsLaunchTests.swift in Sources */,
				9A0D79A52B20BC3900E83F11 /* AnchorWatch2UITests.swift in Sources */,
			);
			runOnlyForDeploymentPostprocessing = 0;
		};
/* End PBXSourcesBuildPhase section */

/* Begin PBXTargetDependency section */
		9A0D79982B20BC3900E83F11 /* PBXTargetDependency */ = {
			isa = PBXTargetDependency;
			target = 9A0D79812B20BC3500E83F11 /* AnchorWatch2 */;
			targetProxy = 9A0D79972B20BC3900E83F11 /* PBXContainerItemProxy */;
		};
		9A0D79A22B20BC3900E83F11 /* PBXTargetDependency */ = {
			isa = PBXTargetDependency;
			target = 9A0D79812B20BC3500E83F11 /* AnchorWatch2 */;
			targetProxy = 9A0D79A12B20BC3900E83F11 /* PBXContainerItemProxy */;
		};
/* End PBXTargetDependency section */

/* Begin XCBuildConfiguration section */
		9A0D79A82B20BC3900E83F11 /* Debug */ = {
			isa = XCBuildConfiguration;
			buildSettings = {
				ALWAYS_SEARCH_USER_PATHS = NO;
				ASSETCATALOG_COMPILER_GENERATE_SWIFT_ASSET_SYMBOL_EXTENSIONS = YES;
				CLANG_ANALYZER_NONNULL = YES;
				CLANG_ANALYZER_NUMBER_OBJECT_CONVERSION = YES_AGGRESSIVE;
				CLANG_CXX_LANGUAGE_STANDARD = "gnu++20";
				CLANG_ENABLE_MODULES = YES;
				CLANG_ENABLE_OBJC_ARC = YES;
				CLANG_ENABLE_OBJC_WEAK = YES;
				CLANG_WARN_BLOCK_CAPTURE_AUTORELEASING = YES;
				CLANG_WARN_BOOL_CONVERSION = YES;
				CLANG_WARN_COMMA = YES;
				CLANG_WARN_CONSTANT_CONVERSION = YES;
				CLANG_WARN_DEPRECATED_OBJC_IMPLEMENTATIONS = YES;
				CLANG_WARN_DIRECT_OBJC_ISA_USAGE = YES_ERROR;
				CLANG_WARN_DOCUMENTATION_COMMENTS = YES;
				CLANG_WARN_EMPTY_BODY = YES;
				CLANG_WARN_ENUM_CONVERSION = YES;
				CLANG_WARN_INFINITE_RECURSION = YES;
				CLANG_WARN_INT_CONVERSION = YES;
				CLANG_WARN_NON_LITERAL_NULL_CONVERSION = YES;
				CLANG_WARN_OBJC_IMPLICIT_RETAIN_SELF = YES;
				CLANG_WARN_OBJC_LITERAL_CONVERSION = YES;
				CLANG_WARN_OBJC_ROOT_CLASS = YES_ERROR;
				CLANG_WARN_QUOTED_INCLUDE_IN_FRAMEWORK_HEADER = YES;
				CLANG_WARN_RANGE_LOOP_ANALYSIS = YES;
				CLANG_WARN_STRICT_PROTOTYPES = YES;
				CLANG_WARN_SUSPICIOUS_MOVE = YES;
				CLANG_WARN_UNGUARDED_AVAILABILITY = YES_AGGRESSIVE;
				CLANG_WARN_UNREACHABLE_CODE = YES;
				CLANG_WARN__DUPLICATE_METHOD_MATCH = YES;
				COPY_PHASE_STRIP = NO;
				DEBUG_INFORMATION_FORMAT = dwarf;
				ENABLE_STRICT_OBJC_MSGSEND = YES;
				ENABLE_TESTABILITY = YES;
				ENABLE_USER_SCRIPT_SANDBOXING = YES;
				GCC_C_LANGUAGE_STANDARD = gnu17;
				GCC_DYNAMIC_NO_PIC = NO;
				GCC_NO_COMMON_BLOCKS = YES;
				GCC_OPTIMIZATION_LEVEL = 0;
				GCC_PREPROCESSOR_DEFINITIONS = (
					"DEBUG=1",
					"$(inherited)",
				);
				GCC_WARN_64_TO_32_BIT_CONVERSION = YES;
				GCC_WARN_ABOUT_RETURN_TYPE = YES_ERROR;
				GCC_WARN_UNDECLARED_SELECTOR = YES;
				GCC_WARN_UNINITIALIZED_AUTOS = YES_AGGRESSIVE;
				GCC_WARN_UNUSED_FUNCTION = YES;
				GCC_WARN_UNUSED_VARIABLE = YES;
				IPHONEOS_DEPLOYMENT_TARGET = 17.0;
				LOCALIZATION_PREFERS_STRING_CATALOGS = YES;
				MTL_ENABLE_DEBUG_INFO = INCLUDE_SOURCE;
				MTL_FAST_MATH = YES;
				ONLY_ACTIVE_ARCH = YES;
				SDKROOT = iphoneos;
				SWIFT_ACTIVE_COMPILATION_CONDITIONS = "DEBUG $(inherited)";
				SWIFT_OPTIMIZATION_LEVEL = "-Onone";
				SWIFT_STRICT_CONCURRENCY = complete;
			};
			name = Debug;
		};
		9A0D79A92B20BC3900E83F11 /* Release */ = {
			isa = XCBuildConfiguration;
			buildSettings = {
				ALWAYS_SEARCH_USER_PATHS = NO;
				ASSETCATALOG_COMPILER_GENERATE_SWIFT_ASSET_SYMBOL_EXTENSIONS = YES;
				CLANG_ANALYZER_NONNULL = YES;
				CLANG_ANALYZER_NUMBER_OBJECT_CONVERSION = YES_AGGRESSIVE;
				CLANG_CXX_LANGUAGE_STANDARD = "gnu++20";
				CLANG_ENABLE_MODULES = YES;
				CLANG_ENABLE_OBJC_ARC = YES;
				CLANG_ENABLE_OBJC_WEAK = YES;
				CLANG_WARN_BLOCK_CAPTURE_AUTORELEASING = YES;
				CLANG_WARN_BOOL_CONVERSION = YES;
				CLANG_WARN_COMMA = YES;
				CLANG_WARN_CONSTANT_CONVERSION = YES;
				CLANG_WARN_DEPRECATED_OBJC_IMPLEMENTATIONS = YES;
				CLANG_WARN_DIRECT_OBJC_ISA_USAGE = YES_ERROR;
				CLANG_WARN_DOCUMENTATION_COMMENTS = YES;
				CLANG_WARN_EMPTY_BODY = YES;
				CLANG_WARN_ENUM_CONVERSION = YES;
				CLANG_WARN_INFINITE_RECURSION = YES;
				CLANG_WARN_INT_CONVERSION = YES;
				CLANG_WARN_NON_LITERAL_NULL_CONVERSION = YES;
				CLANG_WARN_OBJC_IMPLICIT_RETAIN_SELF = YES;
				CLANG_WARN_OBJC_LITERAL_CONVERSION = YES;
				CLANG_WARN_OBJC_ROOT_CLASS = YES_ERROR;
				CLANG_WARN_QUOTED_INCLUDE_IN_FRAMEWORK_HEADER = YES;
				CLANG_WARN_RANGE_LOOP_ANALYSIS = YES;
				CLANG_WARN_STRICT_PROTOTYPES = YES;
				CLANG_WARN_SUSPICIOUS_MOVE = YES;
				CLANG_WARN_UNGUARDED_AVAILABILITY = YES_AGGRESSIVE;
				CLANG_WARN_UNREACHABLE_CODE = YES;
				CLANG_WARN__DUPLICATE_METHOD_MATCH = YES;
				COPY_PHASE_STRIP = NO;
				DEBUG_INFORMATION_FORMAT = "dwarf-with-dsym";
				ENABLE_NS_ASSERTIONS = NO;
				ENABLE_STRICT_OBJC_MSGSEND = YES;
				ENABLE_USER_SCRIPT_SANDBOXING = YES;
				GCC_C_LANGUAGE_STANDARD = gnu17;
				GCC_NO_COMMON_BLOCKS = YES;
				GCC_WARN_64_TO_32_BIT_CONVERSION = YES;
				GCC_WARN_ABOUT_RETURN_TYPE = YES_ERROR;
				GCC_WARN_UNDECLARED_SELECTOR = YES;
				GCC_WARN_UNINITIALIZED_AUTOS = YES_AGGRESSIVE;
				GCC_WARN_UNUSED_FUNCTION = YES;
				GCC_WARN_UNUSED_VARIABLE = YES;
				IPHONEOS_DEPLOYMENT_TARGET = 17.0;
				LOCALIZATION_PREFERS_STRING_CATALOGS = YES;
				MTL_ENABLE_DEBUG_INFO = NO;
				MTL_FAST_MATH = YES;
				SDKROOT = iphoneos;
				SWIFT_COMPILATION_MODE = wholemodule;
				SWIFT_STRICT_CONCURRENCY = complete;
				VALIDATE_PRODUCT = YES;
			};
			name = Release;
		};
		9A0D79AB2B20BC3900E83F11 /* Debug */ = {
			isa = XCBuildConfiguration;
			buildSettings = {
				ASSETCATALOG_COMPILER_APPICON_NAME = AppIcon;
				ASSETCATALOG_COMPILER_GLOBAL_ACCENT_COLOR_NAME = AccentColor;
				CODE_SIGN_ENTITLEMENTS = AnchorWatch2/AnchorWatch2.entitlements;
				CODE_SIGN_STYLE = Automatic;
				CURRENT_PROJECT_VERSION = 1;
				DEVELOPMENT_ASSET_PATHS = "\"AnchorWatch2/Preview Content\"";
				DEVELOPMENT_TEAM = 87635PD639;
				ENABLE_PREVIEWS = YES;
				GENERATE_INFOPLIST_FILE = YES;
				INFOPLIST_FILE = AnchorWatch2/Info.plist;
				INFOPLIST_KEY_NSLocationAlwaysAndWhenInUseUsageDescription = "Without this authorization, the app may not be notified of your location if it has been sent to the background, and the anchor alarm will not function.";
				INFOPLIST_KEY_NSLocationWhenInUseUsageDescription = "Your location will be used to display your current location on a map while in use.";
				INFOPLIST_KEY_UIApplicationSceneManifest_Generation = YES;
				INFOPLIST_KEY_UIApplicationSupportsIndirectInputEvents = YES;
				INFOPLIST_KEY_UILaunchScreen_Generation = YES;
				INFOPLIST_KEY_UISupportedInterfaceOrientations_iPad = "UIInterfaceOrientationPortrait UIInterfaceOrientationPortraitUpsideDown UIInterfaceOrientationLandscapeLeft UIInterfaceOrientationLandscapeRight";
				INFOPLIST_KEY_UISupportedInterfaceOrientations_iPhone = "UIInterfaceOrientationPortrait UIInterfaceOrientationLandscapeLeft UIInterfaceOrientationLandscapeRight";
				LD_RUNPATH_SEARCH_PATHS = (
					"$(inherited)",
					"@executable_path/Frameworks",
				);
				MARKETING_VERSION = 1.0;
				PRODUCT_BUNDLE_IDENTIFIER = sv.salacia.AnchorWatch;
				PRODUCT_NAME = "$(TARGET_NAME)";
				SWIFT_EMIT_LOC_STRINGS = YES;
				SWIFT_VERSION = 5.0;
				TARGETED_DEVICE_FAMILY = "1,2";
			};
			name = Debug;
		};
		9A0D79AC2B20BC3900E83F11 /* Release */ = {
			isa = XCBuildConfiguration;
			buildSettings = {
				ASSETCATALOG_COMPILER_APPICON_NAME = AppIcon;
				ASSETCATALOG_COMPILER_GLOBAL_ACCENT_COLOR_NAME = AccentColor;
				CODE_SIGN_ENTITLEMENTS = AnchorWatch2/AnchorWatch2.entitlements;
				CODE_SIGN_STYLE = Automatic;
				CURRENT_PROJECT_VERSION = 1;
				DEVELOPMENT_ASSET_PATHS = "\"AnchorWatch2/Preview Content\"";
				DEVELOPMENT_TEAM = 87635PD639;
				ENABLE_PREVIEWS = YES;
				GENERATE_INFOPLIST_FILE = YES;
				INFOPLIST_FILE = AnchorWatch2/Info.plist;
				INFOPLIST_KEY_NSLocationAlwaysAndWhenInUseUsageDescription = "Without this authorization, the app may not be notified of your location if it has been sent to the background, and the anchor alarm will not function.";
				INFOPLIST_KEY_NSLocationWhenInUseUsageDescription = "Your location will be used to display your current location on a map while in use.";
				INFOPLIST_KEY_UIApplicationSceneManifest_Generation = YES;
				INFOPLIST_KEY_UIApplicationSupportsIndirectInputEvents = YES;
				INFOPLIST_KEY_UILaunchScreen_Generation = YES;
				INFOPLIST_KEY_UISupportedInterfaceOrientations_iPad = "UIInterfaceOrientationPortrait UIInterfaceOrientationPortraitUpsideDown UIInterfaceOrientationLandscapeLeft UIInterfaceOrientationLandscapeRight";
				INFOPLIST_KEY_UISupportedInterfaceOrientations_iPhone = "UIInterfaceOrientationPortrait UIInterfaceOrientationLandscapeLeft UIInterfaceOrientationLandscapeRight";
				LD_RUNPATH_SEARCH_PATHS = (
					"$(inherited)",
					"@executable_path/Frameworks",
				);
				MARKETING_VERSION = 1.0;
				PRODUCT_BUNDLE_IDENTIFIER = sv.salacia.AnchorWatch;
				PRODUCT_NAME = "$(TARGET_NAME)";
				SWIFT_EMIT_LOC_STRINGS = YES;
				SWIFT_VERSION = 5.0;
				TARGETED_DEVICE_FAMILY = "1,2";
			};
			name = Release;
		};
		9A0D79AE2B20BC3900E83F11 /* Debug */ = {
			isa = XCBuildConfiguration;
			buildSettings = {
				ALWAYS_EMBED_SWIFT_STANDARD_LIBRARIES = YES;
				BUNDLE_LOADER = "$(TEST_HOST)";
				CODE_SIGN_STYLE = Automatic;
				CURRENT_PROJECT_VERSION = 1;
				DEVELOPMENT_TEAM = 87635PD639;
				GENERATE_INFOPLIST_FILE = YES;
				IPHONEOS_DEPLOYMENT_TARGET = 17.0;
				MARKETING_VERSION = 1.0;
				PRODUCT_BUNDLE_IDENTIFIER = sv.salacia.AnchorWatch2Tests;
				PRODUCT_NAME = "$(TARGET_NAME)";
				SWIFT_EMIT_LOC_STRINGS = NO;
				SWIFT_VERSION = 5.0;
				TARGETED_DEVICE_FAMILY = "1,2";
				TEST_HOST = "$(BUILT_PRODUCTS_DIR)/AnchorWatch2.app/$(BUNDLE_EXECUTABLE_FOLDER_PATH)/AnchorWatch2";
			};
			name = Debug;
		};
		9A0D79AF2B20BC3900E83F11 /* Release */ = {
			isa = XCBuildConfiguration;
			buildSettings = {
				ALWAYS_EMBED_SWIFT_STANDARD_LIBRARIES = YES;
				BUNDLE_LOADER = "$(TEST_HOST)";
				CODE_SIGN_STYLE = Automatic;
				CURRENT_PROJECT_VERSION = 1;
				DEVELOPMENT_TEAM = 87635PD639;
				GENERATE_INFOPLIST_FILE = YES;
				IPHONEOS_DEPLOYMENT_TARGET = 17.0;
				MARKETING_VERSION = 1.0;
				PRODUCT_BUNDLE_IDENTIFIER = sv.salacia.AnchorWatch2Tests;
				PRODUCT_NAME = "$(TARGET_NAME)";
				SWIFT_EMIT_LOC_STRINGS = NO;
				SWIFT_VERSION = 5.0;
				TARGETED_DEVICE_FAMILY = "1,2";
				TEST_HOST = "$(BUILT_PRODUCTS_DIR)/AnchorWatch2.app/$(BUNDLE_EXECUTABLE_FOLDER_PATH)/AnchorWatch2";
			};
			name = Release;
		};
		9A0D79B12B20BC3900E83F11 /* Debug */ = {
			isa = XCBuildConfiguration;
			buildSettings = {
				ALWAYS_EMBED_SWIFT_STANDARD_LIBRARIES = YES;
				CODE_SIGN_STYLE = Automatic;
				CURRENT_PROJECT_VERSION = 1;
				DEVELOPMENT_TEAM = 87635PD639;
				GENERATE_INFOPLIST_FILE = YES;
				MARKETING_VERSION = 1.0;
				PRODUCT_BUNDLE_IDENTIFIER = sv.salacia.AnchorWatch2UITests;
				PRODUCT_NAME = "$(TARGET_NAME)";
				SWIFT_EMIT_LOC_STRINGS = NO;
				SWIFT_VERSION = 5.0;
				TARGETED_DEVICE_FAMILY = "1,2";
				TEST_TARGET_NAME = AnchorWatch2;
			};
			name = Debug;
		};
		9A0D79B22B20BC3900E83F11 /* Release */ = {
			isa = XCBuildConfiguration;
			buildSettings = {
				ALWAYS_EMBED_SWIFT_STANDARD_LIBRARIES = YES;
				CODE_SIGN_STYLE = Automatic;
				CURRENT_PROJECT_VERSION = 1;
				DEVELOPMENT_TEAM = 87635PD639;
				GENERATE_INFOPLIST_FILE = YES;
				MARKETING_VERSION = 1.0;
				PRODUCT_BUNDLE_IDENTIFIER = sv.salacia.AnchorWatch2UITests;
				PRODUCT_NAME = "$(TARGET_NAME)";
				SWIFT_EMIT_LOC_STRINGS = NO;
				SWIFT_VERSION = 5.0;
				TARGETED_DEVICE_FAMILY = "1,2";
				TEST_TARGET_NAME = AnchorWatch2;
			};
			name = Release;
		};
/* End XCBuildConfiguration section */

/* Begin XCConfigurationList section */
		9A0D797D2B20BC3500E83F11 /* Build configuration list for PBXProject "AnchorWatch2" */ = {
			isa = XCConfigurationList;
			buildConfigurations = (
				9A0D79A82B20BC3900E83F11 /* Debug */,
				9A0D79A92B20BC3900E83F11 /* Release */,
			);
			defaultConfigurationIsVisible = 0;
			defaultConfigurationName = Release;
		};
		9A0D79AA2B20BC3900E83F11 /* Build configuration list for PBXNativeTarget "AnchorWatch2" */ = {
			isa = XCConfigurationList;
			buildConfigurations = (
				9A0D79AB2B20BC3900E83F11 /* Debug */,
				9A0D79AC2B20BC3900E83F11 /* Release */,
			);
			defaultConfigurationIsVisible = 0;
			defaultConfigurationName = Release;
		};
		9A0D79AD2B20BC3900E83F11 /* Build configuration list for PBXNativeTarget "AnchorWatch2Tests" */ = {
			isa = XCConfigurationList;
			buildConfigurations = (
				9A0D79AE2B20BC3900E83F11 /* Debug */,
				9A0D79AF2B20BC3900E83F11 /* Release */,
			);
			defaultConfigurationIsVisible = 0;
			defaultConfigurationName = Release;
		};
		9A0D79B02B20BC3900E83F11 /* Build configuration list for PBXNativeTarget "AnchorWatch2UITests" */ = {
			isa = XCConfigurationList;
			buildConfigurations = (
				9A0D79B12B20BC3900E83F11 /* Debug */,
				9A0D79B22B20BC3900E83F11 /* Release */,
			);
			defaultConfigurationIsVisible = 0;
			defaultConfigurationName = Release;
		};
/* End XCConfigurationList section */

/* Begin XCRemoteSwiftPackageReference section */
		9ACA94562B24A38C00BA73D3 /* XCRemoteSwiftPackageReference "AQUI" */ = {
			isa = XCRemoteSwiftPackageReference;
			repositoryURL = "https://github.com/AlanQuatermain/AQUI.git";
			requirement = {
				branch = master;
				kind = branch;
			};
		};
/* End XCRemoteSwiftPackageReference section */

/* Begin XCSwiftPackageProductDependency section */
		9ACA94572B24A38C00BA73D3 /* AQUI */ = {
			isa = XCSwiftPackageProductDependency;
			package = 9ACA94562B24A38C00BA73D3 /* XCRemoteSwiftPackageReference "AQUI" */;
			productName = AQUI;
		};
/* End XCSwiftPackageProductDependency section */
	};
	rootObject = 9A0D797A2B20BC3500E83F11 /* Project object */;
}
